{
  "name": "3d-chess-online",
  "version": "0.0.1",
  "lockfileVersion": 3,
  "requires": true,
  "packages": {
    "": {
      "name": "3d-chess-online",
      "version": "0.0.1",
      "dependencies": {
        "express": "^4.10.2",
        "net": "^1.0.2",
        "socket.io": "^1.3.7",
        "three": "^0.73.0"
      },
      "engines": {
        "node": "5.2.0"
      }
    },
    "node_modules/accepts": {
      "version": "1.2.13",
      "license": "MIT",
      "dependencies": {
        "mime-types": "~2.1.6",
        "negotiator": "0.5.3"
      },
      "engines": {
        "node": ">= 0.6"
      }
    },
    "node_modules/after": {
      "version": "0.8.1"
    },
    "node_modules/array-flatten": {
      "version": "1.1.1",
      "license": "MIT"
    },
    "node_modules/arraybuffer.slice": {
      "version": "0.0.6"
    },
    "node_modules/backo2": {
      "version": "1.0.2",
      "license": "MIT"
    },
    "node_modules/base64-arraybuffer": {
      "version": "0.1.2",
      "engines": {
        "node": ">= 0.6.0"
      }
    },
    "node_modules/base64id": {
      "version": "0.1.0",
      "engines": {
        "node": ">= 0.4.0"
      }
    },
    "node_modules/benchmark": {
      "version": "1.0.0",
      "engines": [
        "node",
        "rhino"
      ]
    },
    "node_modules/better-assert": {
      "version": "1.0.2",
      "dependencies": {
        "callsite": "1.0.0"
      },
      "engines": {
        "node": "*"
      }
    },
    "node_modules/blob": {
      "version": "0.0.4"
    },
    "node_modules/callsite": {
      "version": "1.0.0",
      "engines": {
        "node": "*"
      }
    },
    "node_modules/component-bind": {
      "version": "1.0.0"
    },
    "node_modules/component-emitter": {
      "version": "1.1.2"
    },
    "node_modules/component-inherit": {
      "version": "0.0.3"
    },
    "node_modules/content-disposition": {
      "version": "0.5.0",
      "license": "MIT",
      "engines": {
        "node": ">= 0.6"
      }
    },
    "node_modules/content-type": {
      "version": "1.0.1",
      "license": "MIT",
      "engines": {
        "node": ">= 0.6"
      }
    },
    "node_modules/cookie": {
      "version": "0.1.3",
      "license": "MIT",
      "engines": {
        "node": "*"
      }
    },
    "node_modules/cookie-signature": {
      "version": "1.0.6",
      "license": "MIT"
    },
    "node_modules/debug": {
      "version": "2.2.0",
      "license": "MIT",
      "dependencies": {
        "ms": "0.7.1"
      }
    },
    "node_modules/depd": {
      "version": "1.0.1",
      "license": "MIT",
      "engines": {
        "node": ">= 0.6"
      }
    },
    "node_modules/destroy": {
      "version": "1.0.3",
      "license": "MIT"
    },
    "node_modules/ee-first": {
      "version": "1.1.1",
      "license": "MIT"
    },
    "node_modules/engine.io": {
      "version": "1.5.4",
      "dependencies": {
        "base64id": "0.1.0",
        "debug": "1.0.3",
        "engine.io-parser": "1.2.2",
        "ws": "0.8.0"
      }
    },
    "node_modules/engine.io-client": {
      "version": "1.5.4",
      "dependencies": {
        "component-emitter": "1.1.2",
        "component-inherit": "0.0.3",
        "debug": "1.0.4",
        "engine.io-parser": "1.2.2",
        "has-cors": "1.0.3",
        "indexof": "0.0.1",
        "parsejson": "0.0.1",
        "parseqs": "0.0.2",
        "parseuri": "0.0.4",
        "ws": "0.8.0",
        "xmlhttprequest": "https://github.com/rase-/node-XMLHttpRequest/archive/a6b6f2.tar.gz"
      }
    },
    "node_modules/engine.io-client/node_modules/debug": {
      "version": "1.0.4",
      "dependencies": {
        "ms": "0.6.2"
      }
    },
    "node_modules/engine.io-client/node_modules/ms": {
      "version": "0.6.2"
    },
    "node_modules/engine.io-client/node_modules/parseuri": {
      "version": "0.0.4",
      "license": "MIT",
      "dependencies": {
        "better-assert": "~1.0.0"
      }
    },
    "node_modules/engine.io-parser": {
      "version": "1.2.2",
      "dependencies": {
        "after": "0.8.1",
        "arraybuffer.slice": "0.0.6",
        "base64-arraybuffer": "0.1.2",
        "blob": "0.0.4",
        "has-binary": "0.1.6",
        "utf8": "2.1.0"
      }
    },
    "node_modules/engine.io/node_modules/debug": {
      "version": "1.0.3",
      "dependencies": {
        "ms": "0.6.2"
      }
    },
    "node_modules/engine.io/node_modules/ms": {
      "version": "0.6.2"
    },
    "node_modules/escape-html": {
      "version": "1.0.2",
      "license": "MIT"
    },
    "node_modules/etag": {
      "version": "1.7.0",
      "license": "MIT",
      "engines": {
        "node": ">= 0.6"
      }
    },
    "node_modules/express": {
      "version": "4.13.3",
      "license": "MIT",
      "dependencies": {
        "accepts": "~1.2.12",
        "array-flatten": "1.1.1",
        "content-disposition": "0.5.0",
        "content-type": "~1.0.1",
        "cookie": "0.1.3",
        "cookie-signature": "1.0.6",
        "debug": "~2.2.0",
        "depd": "~1.0.1",
        "escape-html": "1.0.2",
        "etag": "~1.7.0",
        "finalhandler": "0.4.0",
        "fresh": "0.3.0",
        "merge-descriptors": "1.0.0",
        "methods": "~1.1.1",
        "on-finished": "~2.3.0",
        "parseurl": "~1.3.0",
        "path-to-regexp": "0.1.7",
        "proxy-addr": "~1.0.8",
        "qs": "4.0.0",
        "range-parser": "~1.0.2",
        "send": "0.13.0",
        "serve-static": "~1.10.0",
        "type-is": "~1.6.6",
        "utils-merge": "1.0.0",
        "vary": "~1.0.1"
      },
      "engines": {
        "node": ">= 0.10.0"
      }
    },
    "node_modules/finalhandler": {
      "version": "0.4.0",
      "license": "MIT",
      "dependencies": {
        "debug": "~2.2.0",
        "escape-html": "1.0.2",
        "on-finished": "~2.3.0",
        "unpipe": "~1.0.0"
      },
      "engines": {
        "node": ">= 0.8"
      }
    },
    "node_modules/forwarded": {
      "version": "0.1.0",
      "license": "MIT",
      "engines": {
        "node": ">= 0.6"
      }
    },
    "node_modules/fresh": {
      "version": "0.3.0",
      "license": "MIT",
      "engines": {
        "node": ">= 0.6"
      }
    },
    "node_modules/global": {
      "version": "2.0.1",
      "resolved": "https://github.com/component/global/archive/v2.0.1.tar.gz",
      "integrity": "sha512-O91OcV/NbdmQJPHaRu2ekSP7bqFRLWgqSwaJvqHPZHUwmHBagQYTOra29+LnzzG3lZkXH1ANzHzfCxtAPM9HMA=="
    },
    "node_modules/has-binary": {
      "version": "0.1.6",
      "license": "MIT",
      "dependencies": {
        "isarray": "0.0.1"
      }
    },
    "node_modules/has-binary-data": {
      "version": "0.1.3",
      "license": "ISC",
      "dependencies": {
        "isarray": "0.0.1"
      }
    },
    "node_modules/has-cors": {
      "version": "1.0.3",
      "license": "MIT",
      "dependencies": {
        "global": "https://github.com/component/global/archive/v2.0.1.tar.gz"
      }
    },
    "node_modules/http-errors": {
      "version": "1.3.1",
      "license": "MIT",
      "dependencies": {
        "inherits": "~2.0.1",
        "statuses": "1"
      },
      "engines": {
        "node": ">= 0.6"
      }
    },
    "node_modules/indexof": {
      "version": "0.0.1"
    },
    "node_modules/inherits": {
      "version": "2.0.1",
      "license": "ISC"
    },
    "node_modules/ipaddr.js": {
      "version": "1.0.5",
      "license": "MIT",
      "engines": {
        "node": ">= 0.10"
      }
    },
    "node_modules/isarray": {
      "version": "0.0.1",
      "license": "MIT"
    },
    "node_modules/json3": {
      "version": "3.2.6"
    },
    "node_modules/media-typer": {
      "version": "0.3.0",
      "license": "MIT",
      "engines": {
        "node": ">= 0.6"
      }
    },
    "node_modules/merge-descriptors": {
      "version": "1.0.0",
      "license": "MIT"
    },
    "node_modules/methods": {
      "version": "1.1.1",
      "license": "MIT",
      "engines": {
        "node": ">= 0.6"
      }
    },
    "node_modules/mime": {
      "version": "1.3.4",
      "bin": {
        "mime": "cli.js"
      }
    },
    "node_modules/mime-db": {
      "version": "1.20.0",
      "license": "MIT",
      "engines": {
        "node": ">= 0.6"
      }
    },
    "node_modules/mime-types": {
      "version": "2.1.8",
      "license": "MIT",
      "dependencies": {
        "mime-db": "~1.20.0"
      },
      "engines": {
        "node": ">= 0.6"
      }
    },
    "node_modules/ms": {
      "version": "0.7.1"
    },
    "node_modules/negotiator": {
      "version": "0.5.3",
      "license": "MIT",
      "engines": {
        "node": ">= 0.6"
      }
    },
    "node_modules/net": {
      "version": "1.0.2",
      "license": "MIT"
    },
    "node_modules/object-component": {
      "version": "0.0.3"
    },
    "node_modules/object-keys": {
      "version": "1.0.1",
      "license": "MIT",
      "engines": {
        "node": ">= 0.4"
      }
    },
    "node_modules/on-finished": {
      "version": "2.3.0",
      "license": "MIT",
      "dependencies": {
        "ee-first": "1.1.1"
      },
      "engines": {
        "node": ">= 0.8"
      }
    },
    "node_modules/options": {
      "version": "0.0.6",
      "engines": {
        "node": ">=0.4.0"
      }
    },
    "node_modules/parsejson": {
      "version": "0.0.1",
      "license": "MIT",
      "dependencies": {
        "better-assert": "~1.0.0"
      }
    },
    "node_modules/parseqs": {
      "version": "0.0.2",
      "license": "MIT",
      "dependencies": {
        "better-assert": "~1.0.0"
      }
    },
    "node_modules/parseuri": {
      "version": "0.0.2",
      "license": "MIT",
      "dependencies": {
        "better-assert": "~1.0.0"
      }
    },
    "node_modules/parseurl": {
      "version": "1.3.0",
      "license": "MIT"
    },
    "node_modules/path-to-regexp": {
      "version": "0.1.7",
      "license": "MIT"
    },
    "node_modules/proxy-addr": {
      "version": "1.0.10",
      "license": "MIT",
      "dependencies": {
        "forwarded": "~0.1.0",
        "ipaddr.js": "1.0.5"
      },
      "engines": {
        "node": ">= 0.6"
      }
    },
    "node_modules/qs": {
      "version": "4.0.0",
      "license": "BSD-3-Clause"
    },
    "node_modules/range-parser": {
      "version": "1.0.3",
      "license": "MIT",
      "engines": {
        "node": ">= 0.6"
      }
    },
    "node_modules/send": {
      "version": "0.13.0",
      "license": "MIT",
      "dependencies": {
        "debug": "~2.2.0",
        "depd": "~1.0.1",
        "destroy": "1.0.3",
        "escape-html": "1.0.2",
        "etag": "~1.7.0",
        "fresh": "0.3.0",
        "http-errors": "~1.3.1",
        "mime": "1.3.4",
        "ms": "0.7.1",
        "on-finished": "~2.3.0",
        "range-parser": "~1.0.2",
        "statuses": "~1.2.1"
      },
      "engines": {
        "node": ">= 0.8.0"
      }
    },
    "node_modules/serve-static": {
      "version": "1.10.0",
      "license": "MIT",
      "dependencies": {
        "escape-html": "1.0.2",
        "parseurl": "~1.3.0",
        "send": "0.13.0"
      },
      "engines": {
        "node": ">= 0.8.0"
      }
    },
    "node_modules/socket.io": {
      "version": "1.3.7",
      "dependencies": {
        "debug": "2.1.0",
        "engine.io": "1.5.4",
        "has-binary-data": "0.1.3",
        "socket.io-adapter": "0.3.1",
        "socket.io-client": "1.3.7",
        "socket.io-parser": "2.2.4"
      }
    },
    "node_modules/socket.io-adapter": {
      "version": "0.3.1",
      "dependencies": {
        "debug": "1.0.2",
        "object-keys": "1.0.1",
        "socket.io-parser": "2.2.2"
      }
    },
    "node_modules/socket.io-adapter/node_modules/debug": {
      "version": "1.0.2",
      "dependencies": {
        "ms": "0.6.2"
      }
    },
    "node_modules/socket.io-adapter/node_modules/ms": {
      "version": "0.6.2"
    },
    "node_modules/socket.io-adapter/node_modules/socket.io-parser": {
      "version": "2.2.2",
      "license": "MIT",
      "dependencies": {
        "benchmark": "1.0.0",
        "component-emitter": "1.1.2",
        "debug": "0.7.4",
        "isarray": "0.0.1",
        "json3": "3.2.6"
      }
    },
    "node_modules/socket.io-adapter/node_modules/socket.io-parser/node_modules/debug": {
      "version": "0.7.4",
      "engines": {
        "node": "*"
      }
    },
    "node_modules/socket.io-client": {
      "version": "1.3.7",
      "license": "MIT",
      "dependencies": {
        "backo2": "1.0.2",
        "component-bind": "1.0.0",
        "component-emitter": "1.1.2",
        "debug": "0.7.4",
        "engine.io-client": "1.5.4",
        "has-binary": "0.1.6",
        "indexof": "0.0.1",
        "object-component": "0.0.3",
        "parseuri": "0.0.2",
        "socket.io-parser": "2.2.4",
        "to-array": "0.1.3"
      }
    },
    "node_modules/socket.io-client/node_modules/debug": {
      "version": "0.7.4",
      "engines": {
        "node": "*"
      }
    },
    "node_modules/socket.io-parser": {
      "version": "2.2.4",
      "license": "MIT",
      "dependencies": {
        "benchmark": "1.0.0",
        "component-emitter": "1.1.2",
        "debug": "0.7.4",
        "isarray": "0.0.1",
        "json3": "3.2.6"
      }
    },
    "node_modules/socket.io-parser/node_modules/debug": {
      "version": "0.7.4",
      "engines": {
        "node": "*"
      }
    },
    "node_modules/socket.io/node_modules/debug": {
      "version": "2.1.0",
      "license": "MIT",
      "dependencies": {
        "ms": "0.6.2"
      }
    },
    "node_modules/socket.io/node_modules/ms": {
      "version": "0.6.2"
    },
    "node_modules/statuses": {
      "version": "1.2.1",
      "license": "MIT"
    },
    "node_modules/three": {
      "version": "0.73.0",
      "license": "MIT",
      "engines": {
        "node": "*"
      }
    },
    "node_modules/to-array": {
      "version": "0.1.3"
    },
    "node_modules/type-is": {
      "version": "1.6.10",
      "license": "MIT",
      "dependencies": {
        "media-typer": "0.3.0",
        "mime-types": "~2.1.8"
      },
      "engines": {
        "node": ">= 0.6"
      }
    },
    "node_modules/ultron": {
      "version": "1.0.2",
      "license": "MIT"
    },
    "node_modules/unpipe": {
      "version": "1.0.0",
      "license": "MIT",
      "engines": {
        "node": ">= 0.8"
      }
    },
    "node_modules/utf8": {
      "version": "2.1.0",
      "license": "MIT"
    },
    "node_modules/utils-merge": {
      "version": "1.0.0",
      "engines": {
        "node": ">= 0.4.0"
      }
    },
    "node_modules/vary": {
      "version": "1.0.1",
      "license": "MIT",
      "engines": {
        "node": ">= 0.8"
      }
    },
    "node_modules/ws": {
      "version": "0.8.0",
      "license": "MIT",
      "dependencies": {
        "options": ">=0.0.5",
        "ultron": "1.0.x"
      },
      "optionalDependencies": {
        "bufferutil": "1.2.x",
        "utf-8-validate": "1.2.x"
      }
    },
    "node_modules/xmlhttprequest": {
      "version": "1.5.0",
      "resolved": "https://github.com/rase-/node-XMLHttpRequest/archive/a6b6f2.tar.gz",
      "integrity": "sha512-GO6pmHif8rvZ9YddEoem4hQo0OvcTZJnPGyKxBNsFwgEwNYxbpfewye2ulTDAanWXTcfl2+XKE6/DK7SAoKqMw==",
      "engines": {
        "node": ">=0.4.0"
      }
    }
  }
}
